// !$*UTF8*$!
{
	archiveVersion = 1;
	classes = {
	};
	objectVersion = 46;
	objects = {
/* Begin PBXBuildFile section */
		0207DA581B56EA530066E2B4 /* Images.xcassets in Resources */ = {isa = PBXBuildFile; fileRef = 0207DA571B56EA530066E2B4 /* Images.xcassets */; };
		1D3623260D0F684500981E51 /* AppDelegate.m in Sources */ = {isa = PBXBuildFile; fileRef = 1D3623250D0F684500981E51 /* AppDelegate.m */; };
		1D60589B0D05DD56006BFB54 /* main.m in Sources */ = {isa = PBXBuildFile; fileRef = 29B97316FDCFA39411CA2CEA /* main.m */; };
		2916E785A9A44DE3BE9CFA4B /* CDVNotification.m in Sources */ = {isa = PBXBuildFile; fileRef = 7AF9567FB05F46469B03E6C8 /* CDVNotification.m */; };
		2E75A645277342618373B572 /* AudioToolbox.framework in Frameworks */ = {isa = PBXBuildFile; fileRef = AF8E2F484E9E4C42953A432A /* AudioToolbox.framework */; settings = {ATTRIBUTES = (Weak, ); }; };
		2FACFBB119B742AE85F5F39F /* CDVLogger.m in Sources */ = {isa = PBXBuildFile; fileRef = A38F9EF5578249BCADF25D11 /* CDVLogger.m */; };
		301BF552109A68D80062928A /* libCordova.a in Frameworks */ = {isa = PBXBuildFile; fileRef = 301BF535109A57CC0062928A /* libCordova.a */; };
		302D95F114D2391D003F00A1 /* MainViewController.m in Sources */ = {isa = PBXBuildFile; fileRef = 302D95EF14D2391D003F00A1 /* MainViewController.m */; };
		302D95F214D2391D003F00A1 /* MainViewController.xib in Resources */ = {isa = PBXBuildFile; fileRef = 302D95F014D2391D003F00A1 /* MainViewController.xib */; };
		3047A5121AB8059700498E2A /* build-debug.xcconfig in Resources */ = {isa = PBXBuildFile; fileRef = 3047A50F1AB8059700498E2A /* build-debug.xcconfig */; };
		3047A5131AB8059700498E2A /* build-release.xcconfig in Resources */ = {isa = PBXBuildFile; fileRef = 3047A5101AB8059700498E2A /* build-release.xcconfig */; };
		3047A5141AB8059700498E2A /* build.xcconfig in Resources */ = {isa = PBXBuildFile; fileRef = 3047A5111AB8059700498E2A /* build.xcconfig */; };
		4B68F297C0944DC2B5D0D775 /* mfpclient.plist in Resources */ = {isa = PBXBuildFile; fileRef = 44544F169ACF41A686845FB5 /* mfpclient.plist */; };
		4E322981EB1D4CE8B53E24A9 /* CDVSplashScreen.m in Sources */ = {isa = PBXBuildFile; fileRef = 72897F3269E8423EA9FFBAAB /* CDVSplashScreen.m */; };
		50F46D11F48F414881D510C8 /* CDVNotification.bundle in Resources */ = {isa = PBXBuildFile; fileRef = 1328F5FAB1614892A9A69F6B /* CDVNotification.bundle */; };
		84B33FA803634E8AABAD7F6D /* Security.framework in Frameworks */ = {isa = PBXBuildFile; fileRef = 3E154D7E0AAC41E783052621 /* Security.framework */; };
		9B46C569949E4264AD8B66D0 /* Entitlements-Release.plist in Resources */ = {isa = PBXBuildFile; fileRef = 04F7A97147224293BB76B916 /* Entitlements-Release.plist */; };
		A71F4985E8294A81943503FC /* SystemConfiguration.framework in Frameworks */ = {isa = PBXBuildFile; fileRef = 908B5AA3D9E648FA853C9BDE /* SystemConfiguration.framework */; };
		A89CA34BD69345A187F01C5C /* CDVViewController+SplashScreen.m in Sources */ = {isa = PBXBuildFile; fileRef = 6877F6382C9448729C46F837 /* CDVViewController+SplashScreen.m */; };
		B38039EAA6564F67BC3CD66C /* IonicKeyboard.m in Sources */ = {isa = PBXBuildFile; fileRef = 314E43B280B6433097D592CC /* IonicKeyboard.m */; };
		B851A1A5D34344A2BA8AFF8D /* Entitlements-Debug.plist in Resources */ = {isa = PBXBuildFile; fileRef = 2D0A5215332447AF869E3C41 /* Entitlements-Debug.plist */; };
		CA326EB5731F4B6C9B5104E0 /* CDVDevice.m in Sources */ = {isa = PBXBuildFile; fileRef = 7AAD02D1B0824370833738B8 /* CDVDevice.m */; };
		D0FF7010172F45458CEF75FC /* CDVGlobalization.m in Sources */ = {isa = PBXBuildFile; fileRef = C3867EA56B4647378F0CC6CA /* CDVGlobalization.m */; };
		D75743ECB2E94210B5CFCBAD /* libc++.tbd in Frameworks */ = {isa = PBXBuildFile; fileRef = 952F6F2FA433444EB5C82C5A /* libc++.tbd */; };
		DCED5576E599436980105B77 /* libz.tbd in Frameworks */ = {isa = PBXBuildFile; fileRef = 2231F7EA00764882B7288AA3 /* libz.tbd */; };
		DEC7361FB4DE45F5BB06C25C /* MFPAppDelegate.m in Sources */ = {isa = PBXBuildFile; fileRef = 324F59C654E44D2A9164E863 /* MFPAppDelegate.m */; };
		EAA6C7385FAB4E61B33543A0 /* libstdc++.6.tbd in Frameworks */ = {isa = PBXBuildFile; fileRef = 890EBC3746464F3EA1EB0774 /* libstdc++.6.tbd */; };
		F1F1EE35A13341A9B743C43E /* Localizations.bundle in Resources */ = {isa = PBXBuildFile; fileRef = 3624BDBDDE9A4470B35D55A5 /* Localizations.bundle */; };
		F9D38B36AE8642A884CF789E /* CDVStatusBar.m in Sources */ = {isa = PBXBuildFile; fileRef = 15BC17097C024FB18A0DD1CB /* CDVStatusBar.m */; };
		E4ADDB455A01469AA44E80BA /* IBMMobileFirstPlatformFoundation.framework in Frameworks */ = {isa = PBXBuildFile; fileRef = ED59CB3B61EF4E5780CC5EF9 /* IBMMobileFirstPlatformFoundation.framework */; };
		8342AE08E51E4492A3917561 /* IBMMobileFirstPlatformFoundation.framework in Embed Frameworks */ = {isa = PBXBuildFile; fileRef = ED59CB3B61EF4E5780CC5EF9 /* IBMMobileFirstPlatformFoundation.framework */; settings = {ATTRIBUTES = (CodeSignOnCopy, ); }; };
		D7CEF36420AB41BEA82C93AB /* IBMMobileFirstPlatformFoundationHybrid.framework in Frameworks */ = {isa = PBXBuildFile; fileRef = 209347E6BCCD4DE9A2B02F49 /* IBMMobileFirstPlatformFoundationHybrid.framework */; };
/* End PBXBuildFile section */

/* Begin PBXContainerItemProxy section */
		301BF534109A57CC0062928A /* PBXContainerItemProxy */ = {
			isa = PBXContainerItemProxy;
			containerPortal = 301BF52D109A57CC0062928A /* CordovaLib.xcodeproj */;
			proxyType = 2;
			remoteGlobalIDString = D2AAC07E0554694100DB518D;
			remoteInfo = CordovaLib;
		};
		301BF550109A68C00062928A /* PBXContainerItemProxy */ = {
			isa = PBXContainerItemProxy;
			containerPortal = 301BF52D109A57CC0062928A /* CordovaLib.xcodeproj */;
			proxyType = 1;
			remoteGlobalIDString = D2AAC07D0554694100DB518D;
			remoteInfo = CordovaLib;
		};
/* End PBXContainerItemProxy section */

/* Begin PBXCopyFilesBuildPhase section */
		EA6CD0559EEB4D64A92CD72F /* Embed Frameworks */ = {
			isa = PBXCopyFilesBuildPhase;
			buildActionMask = 2147483647;
			dstPath = "";
			dstSubfolderSpec = 10;
			files = (
				8342AE08E51E4492A3917561 /* IBMMobileFirstPlatformFoundation.framework in Embed Frameworks */,
			);
			name = "Embed Frameworks";
			runOnlyForDeploymentPostprocessing = 0;
		};
/* End PBXCopyFilesBuildPhase section */

/* Begin PBXFileReference section */
		0207DA571B56EA530066E2B4 /* Images.xcassets */ = {isa = PBXFileReference; lastKnownFileType = folder.assetcatalog; name = Images.xcassets; path = myApp/Images.xcassets; sourceTree = SOURCE_ROOT; };
		04F7A97147224293BB76B916 /* Entitlements-Release.plist */ = {isa = PBXFileReference; explicitFileType = undefined; fileEncoding = 4; includeInIndex = 0; lastKnownFileType = text.plist.xml; path = "Entitlements-Release.plist"; sourceTree = "<group>"; };
		1328F5FAB1614892A9A69F6B /* CDVNotification.bundle */ = {isa = PBXFileReference; explicitFileType = undefined; fileEncoding = 9; includeInIndex = 0; lastKnownFileType = "wrapper.plug-in"; path = CDVNotification.bundle; sourceTree = "<group>"; };
		13D95A93BC8E4590AA50EDBA /* MFPAppDelegate.h */ = {isa = PBXFileReference; explicitFileType = undefined; fileEncoding = 4; includeInIndex = 0; lastKnownFileType = sourcecode.c.h; name = MFPAppDelegate.h; path = "cordova-plugin-mfp/MFPAppDelegate.h"; sourceTree = "<group>"; };
		143A512AB4AB4464960C815F /* IonicKeyboard.h */ = {isa = PBXFileReference; explicitFileType = undefined; fileEncoding = 4; includeInIndex = 0; lastKnownFileType = sourcecode.c.h; name = IonicKeyboard.h; path = "ionic-plugin-keyboard/IonicKeyboard.h"; sourceTree = "<group>"; };
		15BC17097C024FB18A0DD1CB /* CDVStatusBar.m */ = {isa = PBXFileReference; explicitFileType = undefined; fileEncoding = 4; includeInIndex = 0; lastKnownFileType = sourcecode.c.objc; name = CDVStatusBar.m; path = "cordova-plugin-statusbar/CDVStatusBar.m"; sourceTree = "<group>"; };
		1D3623240D0F684500981E51 /* AppDelegate.h */ = {isa = PBXFileReference; fileEncoding = 4; lastKnownFileType = sourcecode.c.h; path = AppDelegate.h; sourceTree = "<group>"; };
		1D3623250D0F684500981E51 /* AppDelegate.m */ = {isa = PBXFileReference; fileEncoding = 4; lastKnownFileType = sourcecode.c.objc; path = AppDelegate.m; sourceTree = "<group>"; };
		1D6058910D05DD3D006BFB54 /* myApp.app */ = {isa = PBXFileReference; explicitFileType = wrapper.application; includeInIndex = 0; path = myApp.app; sourceTree = BUILT_PRODUCTS_DIR; };
		2231F7EA00764882B7288AA3 /* libz.tbd */ = {isa = PBXFileReference; explicitFileType = undefined; fileEncoding = 9; includeInIndex = 0; lastKnownFileType = unknown; path = libz.tbd; sourceTree = "<group>"; };
		29B97316FDCFA39411CA2CEA /* main.m */ = {isa = PBXFileReference; fileEncoding = 4; lastKnownFileType = sourcecode.c.objc; path = main.m; sourceTree = "<group>"; };
		2D0A5215332447AF869E3C41 /* Entitlements-Debug.plist */ = {isa = PBXFileReference; explicitFileType = undefined; fileEncoding = 4; includeInIndex = 0; lastKnownFileType = text.plist.xml; path = "Entitlements-Debug.plist"; sourceTree = "<group>"; };
		2D0C208E9FE740DA9DB4A2CA /* CDVViewController+SplashScreen.h */ = {isa = PBXFileReference; explicitFileType = undefined; fileEncoding = 4; includeInIndex = 0; lastKnownFileType = sourcecode.c.h; name = "CDVViewController+SplashScreen.h"; path = "cordova-plugin-splashscreen/CDVViewController+SplashScreen.h"; sourceTree = "<group>"; };
		301BF52D109A57CC0062928A /* CordovaLib.xcodeproj */ = {isa = PBXFileReference; lastKnownFileType = "wrapper.pb-project"; name = CordovaLib.xcodeproj; path = CordovaLib/CordovaLib.xcodeproj; sourceTree = "<group>"; };
		301BF56E109A69640062928A /* www */ = {isa = PBXFileReference; lastKnownFileType = folder; path = www; sourceTree = SOURCE_ROOT; };
		302D95EE14D2391D003F00A1 /* MainViewController.h */ = {isa = PBXFileReference; fileEncoding = 4; lastKnownFileType = sourcecode.c.h; path = MainViewController.h; sourceTree = "<group>"; };
		302D95EF14D2391D003F00A1 /* MainViewController.m */ = {isa = PBXFileReference; fileEncoding = 4; lastKnownFileType = sourcecode.c.objc; path = MainViewController.m; sourceTree = "<group>"; };
		302D95F014D2391D003F00A1 /* MainViewController.xib */ = {isa = PBXFileReference; fileEncoding = 4; lastKnownFileType = file.xib; path = MainViewController.xib; sourceTree = "<group>"; };
		3047A50F1AB8059700498E2A /* build-debug.xcconfig */ = {isa = PBXFileReference; fileEncoding = 4; lastKnownFileType = text.xcconfig; name = "build-debug.xcconfig"; path = "cordova/build-debug.xcconfig"; sourceTree = SOURCE_ROOT; };
		3047A5101AB8059700498E2A /* build-release.xcconfig */ = {isa = PBXFileReference; fileEncoding = 4; lastKnownFileType = text.xcconfig; name = "build-release.xcconfig"; path = "cordova/build-release.xcconfig"; sourceTree = SOURCE_ROOT; };
		3047A5111AB8059700498E2A /* build.xcconfig */ = {isa = PBXFileReference; fileEncoding = 4; lastKnownFileType = text.xcconfig; name = build.xcconfig; path = cordova/build.xcconfig; sourceTree = SOURCE_ROOT; };
		314E43B280B6433097D592CC /* IonicKeyboard.m */ = {isa = PBXFileReference; explicitFileType = undefined; fileEncoding = 4; includeInIndex = 0; lastKnownFileType = sourcecode.c.objc; name = IonicKeyboard.m; path = "ionic-plugin-keyboard/IonicKeyboard.m"; sourceTree = "<group>"; };
		324F59C654E44D2A9164E863 /* MFPAppDelegate.m */ = {isa = PBXFileReference; explicitFileType = undefined; fileEncoding = 4; includeInIndex = 0; lastKnownFileType = sourcecode.c.objc; name = MFPAppDelegate.m; path = "cordova-plugin-mfp/MFPAppDelegate.m"; sourceTree = "<group>"; };
		32CA4F630368D1EE00C91783 /* myApp-Prefix.pch */ = {isa = PBXFileReference; fileEncoding = 4; lastKnownFileType = sourcecode.c.h; path = "myApp-Prefix.pch"; sourceTree = "<group>"; };
		3624BDBDDE9A4470B35D55A5 /* Localizations.bundle */ = {isa = PBXFileReference; explicitFileType = undefined; fileEncoding = 9; includeInIndex = 0; lastKnownFileType = "wrapper.plug-in"; path = Localizations.bundle; sourceTree = "<group>"; };
		3E154D7E0AAC41E783052621 /* Security.framework */ = {isa = PBXFileReference; explicitFileType = undefined; fileEncoding = 9; includeInIndex = 0; lastKnownFileType = wrapper.framework; name = Security.framework; path = System/Library/Frameworks/Security.framework; sourceTree = SDKROOT; };
		412FFF057CFC42BDAC200895 /* CDVDevice.h */ = {isa = PBXFileReference; explicitFileType = undefined; fileEncoding = 4; includeInIndex = 0; lastKnownFileType = sourcecode.c.h; name = CDVDevice.h; path = "cordova-plugin-device/CDVDevice.h"; sourceTree = "<group>"; };
		44544F169ACF41A686845FB5 /* mfpclient.plist */ = {isa = PBXFileReference; explicitFileType = undefined; fileEncoding = 4; includeInIndex = 0; lastKnownFileType = text.plist.xml; path = mfpclient.plist; sourceTree = "<group>"; };
		6877F6382C9448729C46F837 /* CDVViewController+SplashScreen.m */ = {isa = PBXFileReference; explicitFileType = undefined; fileEncoding = 4; includeInIndex = 0; lastKnownFileType = sourcecode.c.objc; name = "CDVViewController+SplashScreen.m"; path = "cordova-plugin-splashscreen/CDVViewController+SplashScreen.m"; sourceTree = "<group>"; };
		72897F3269E8423EA9FFBAAB /* CDVSplashScreen.m */ = {isa = PBXFileReference; explicitFileType = undefined; fileEncoding = 4; includeInIndex = 0; lastKnownFileType = sourcecode.c.objc; name = CDVSplashScreen.m; path = "cordova-plugin-splashscreen/CDVSplashScreen.m"; sourceTree = "<group>"; };
		7AAD02D1B0824370833738B8 /* CDVDevice.m */ = {isa = PBXFileReference; explicitFileType = undefined; fileEncoding = 4; includeInIndex = 0; lastKnownFileType = sourcecode.c.objc; name = CDVDevice.m; path = "cordova-plugin-device/CDVDevice.m"; sourceTree = "<group>"; };
		7AF9567FB05F46469B03E6C8 /* CDVNotification.m */ = {isa = PBXFileReference; explicitFileType = undefined; fileEncoding = 4; includeInIndex = 0; lastKnownFileType = sourcecode.c.objc; name = CDVNotification.m; path = "cordova-plugin-dialogs/CDVNotification.m"; sourceTree = "<group>"; };
		890EBC3746464F3EA1EB0774 /* libstdc++.6.tbd */ = {isa = PBXFileReference; explicitFileType = undefined; fileEncoding = 9; includeInIndex = 0; lastKnownFileType = unknown; path = "libstdc++.6.tbd"; sourceTree = "<group>"; };
		8D1107310486CEB800E47090 /* myApp-Info.plist */ = {isa = PBXFileReference; fileEncoding = 4; lastKnownFileType = text.plist.xml; name = "myApp-Info.plist"; path = "myApp/myApp-Info.plist"; plistStructureDefinitionIdentifier = "com.apple.xcode.plist.structure-definition.iphone.info-plist"; sourceTree = SOURCE_ROOT; };
		908B5AA3D9E648FA853C9BDE /* SystemConfiguration.framework */ = {isa = PBXFileReference; explicitFileType = undefined; fileEncoding = 9; includeInIndex = 0; lastKnownFileType = wrapper.framework; name = SystemConfiguration.framework; path = System/Library/Frameworks/SystemConfiguration.framework; sourceTree = SDKROOT; };
		91DF258F1E00611E00570365 /* myApp.entitlements */ = {isa = PBXFileReference; lastKnownFileType = text.plist.entitlements; name = myApp.entitlements; path = myApp/myApp.entitlements; sourceTree = "<group>"; };
		952F6F2FA433444EB5C82C5A /* libc++.tbd */ = {isa = PBXFileReference; explicitFileType = undefined; fileEncoding = 9; includeInIndex = 0; lastKnownFileType = unknown; path = "libc++.tbd"; sourceTree = "<group>"; };
		A38F9EF5578249BCADF25D11 /* CDVLogger.m */ = {isa = PBXFileReference; explicitFileType = undefined; fileEncoding = 4; includeInIndex = 0; lastKnownFileType = sourcecode.c.objc; name = CDVLogger.m; path = "cordova-plugin-console/CDVLogger.m"; sourceTree = "<group>"; };
		AAF433B4B37044F0A155AE97 /* CDVStatusBar.h */ = {isa = PBXFileReference; explicitFileType = undefined; fileEncoding = 4; includeInIndex = 0; lastKnownFileType = sourcecode.c.h; name = CDVStatusBar.h; path = "cordova-plugin-statusbar/CDVStatusBar.h"; sourceTree = "<group>"; };
		AF8E2F484E9E4C42953A432A /* AudioToolbox.framework */ = {isa = PBXFileReference; explicitFileType = undefined; fileEncoding = 9; includeInIndex = 0; lastKnownFileType = wrapper.framework; name = AudioToolbox.framework; path = System/Library/Frameworks/AudioToolbox.framework; sourceTree = SDKROOT; };
		B67D5B7FA428489C85E87AA8 /* CDVLogger.h */ = {isa = PBXFileReference; explicitFileType = undefined; fileEncoding = 4; includeInIndex = 0; lastKnownFileType = sourcecode.c.h; name = CDVLogger.h; path = "cordova-plugin-console/CDVLogger.h"; sourceTree = "<group>"; };
		BF8A35A8A3154DA4BEB0C9F9 /* CDVGlobalization.h */ = {isa = PBXFileReference; explicitFileType = undefined; fileEncoding = 4; includeInIndex = 0; lastKnownFileType = sourcecode.c.h; name = CDVGlobalization.h; path = "cordova-plugin-globalization/CDVGlobalization.h"; sourceTree = "<group>"; };
		C3867EA56B4647378F0CC6CA /* CDVGlobalization.m */ = {isa = PBXFileReference; explicitFileType = undefined; fileEncoding = 4; includeInIndex = 0; lastKnownFileType = sourcecode.c.objc; name = CDVGlobalization.m; path = "cordova-plugin-globalization/CDVGlobalization.m"; sourceTree = "<group>"; };
		D69364ECB3B9489B9DD1A023 /* CDVSplashScreen.h */ = {isa = PBXFileReference; explicitFileType = undefined; fileEncoding = 4; includeInIndex = 0; lastKnownFileType = sourcecode.c.h; name = CDVSplashScreen.h; path = "cordova-plugin-splashscreen/CDVSplashScreen.h"; sourceTree = "<group>"; };
		EB87FDF31871DA8E0020F90C /* www */ = {isa = PBXFileReference; lastKnownFileType = folder; name = www; path = ../../www; sourceTree = "<group>"; };
		EB87FDF41871DAF40020F90C /* config.xml */ = {isa = PBXFileReference; lastKnownFileType = text.xml; name = config.xml; path = ../../config.xml; sourceTree = "<group>"; };
		ED33DF2A687741AEAF9F8254 /* Bridging-Header.h */ = {isa = PBXFileReference; fileEncoding = 4; lastKnownFileType = sourcecode.c.h; path = "Bridging-Header.h"; sourceTree = "<group>"; };
		F840E1F0165FE0F500CFE078 /* config.xml */ = {isa = PBXFileReference; lastKnownFileType = text.xml; name = config.xml; path = myApp/config.xml; sourceTree = "<group>"; };
		FAF76290CF814B4089CFA7C1 /* CDVNotification.h */ = {isa = PBXFileReference; explicitFileType = undefined; fileEncoding = 4; includeInIndex = 0; lastKnownFileType = sourcecode.c.h; name = CDVNotification.h; path = "cordova-plugin-dialogs/CDVNotification.h"; sourceTree = "<group>"; };
		ED59CB3B61EF4E5780CC5EF9 /* IBMMobileFirstPlatformFoundation.framework */ = {isa = PBXFileReference; name = "IBMMobileFirstPlatformFoundation.framework"; path = "myApp/Plugins/cordova-plugin-mfp/IBMMobileFirstPlatformFoundation.framework"; sourceTree = "<group>"; fileEncoding = undefined; lastKnownFileType = wrapper.framework; explicitFileType = undefined; includeInIndex = 0; };
		209347E6BCCD4DE9A2B02F49 /* IBMMobileFirstPlatformFoundationHybrid.framework */ = {isa = PBXFileReference; name = "IBMMobileFirstPlatformFoundationHybrid.framework"; path = "myApp/Plugins/cordova-plugin-mfp/IBMMobileFirstPlatformFoundationHybrid.framework"; sourceTree = "<group>"; fileEncoding = undefined; lastKnownFileType = wrapper.framework; explicitFileType = undefined; includeInIndex = 0; };
/* End PBXFileReference section */

/* Begin PBXFrameworksBuildPhase section */
		1D60588F0D05DD3D006BFB54 /* Frameworks */ = {
			isa = PBXFrameworksBuildPhase;
			buildActionMask = 2147483647;
			files = (
				301BF552109A68D80062928A /* libCordova.a in Frameworks */,
				2E75A645277342618373B572 /* AudioToolbox.framework in Frameworks */,
				EAA6C7385FAB4E61B33543A0 /* libstdc++.6.tbd in Frameworks */,
				DCED5576E599436980105B77 /* libz.tbd in Frameworks */,
				D75743ECB2E94210B5CFCBAD /* libc++.tbd in Frameworks */,
				84B33FA803634E8AABAD7F6D /* Security.framework in Frameworks */,
				A71F4985E8294A81943503FC /* SystemConfiguration.framework in Frameworks */,
				E4ADDB455A01469AA44E80BA /* IBMMobileFirstPlatformFoundation.framework in Frameworks */,
				D7CEF36420AB41BEA82C93AB /* IBMMobileFirstPlatformFoundationHybrid.framework in Frameworks */,
			);
			runOnlyForDeploymentPostprocessing = 0;
		};
/* End PBXFrameworksBuildPhase section */

/* Begin PBXGroup section */
		080E96DDFE201D6D7F000001 /* Classes */ = {
			isa = PBXGroup;
			children = (
				302D95EE14D2391D003F00A1 /* MainViewController.h */,
				302D95EF14D2391D003F00A1 /* MainViewController.m */,
				302D95F014D2391D003F00A1 /* MainViewController.xib */,
				1D3623240D0F684500981E51 /* AppDelegate.h */,
				1D3623250D0F684500981E51 /* AppDelegate.m */,
			);
			name = Classes;
			path = myApp/Classes;
			sourceTree = SOURCE_ROOT;
		};
		19C28FACFE9D520D11CA2CBB /* Products */ = {
			isa = PBXGroup;
			children = (
				1D6058910D05DD3D006BFB54 /* myApp.app */,
			);
			name = Products;
			sourceTree = "<group>";
		};
		29B97314FDCFA39411CA2CEA /* CustomTemplate */ = {
			isa = PBXGroup;
			children = (
				91DF258F1E00611E00570365 /* myApp.entitlements */,
				EB87FDF41871DAF40020F90C /* config.xml */,
				EB87FDF31871DA8E0020F90C /* www */,
				EB87FDF11871DA420020F90C /* Staging */,
				301BF52D109A57CC0062928A /* CordovaLib.xcodeproj */,
				080E96DDFE201D6D7F000001 /* Classes */,
				307C750510C5A3420062BCA9 /* Plugins */,
				29B97315FDCFA39411CA2CEA /* Other Sources */,
				29B97317FDCFA39411CA2CEA /* Resources */,
				29B97323FDCFA39411CA2CEA /* Frameworks */,
				19C28FACFE9D520D11CA2CBB /* Products */,
			);
			name = CustomTemplate;
			sourceTree = "<group>";
		};
		29B97315FDCFA39411CA2CEA /* Other Sources */ = {
			isa = PBXGroup;
			children = (
				32CA4F630368D1EE00C91783 /* myApp-Prefix.pch */,
				29B97316FDCFA39411CA2CEA /* main.m */,
				ED33DF2A687741AEAF9F8254 /* Bridging-Header.h */,
			);
			name = "Other Sources";
			path = myApp;
			sourceTree = "<group>";
		};
		29B97317FDCFA39411CA2CEA /* Resources */ = {
			isa = PBXGroup;
			children = (
				0207DA571B56EA530066E2B4 /* Images.xcassets */,
				3047A50E1AB8057F00498E2A /* config */,
				8D1107310486CEB800E47090 /* myApp-Info.plist */,
				1328F5FAB1614892A9A69F6B /* CDVNotification.bundle */,
				3624BDBDDE9A4470B35D55A5 /* Localizations.bundle */,
				2D0A5215332447AF869E3C41 /* Entitlements-Debug.plist */,
				04F7A97147224293BB76B916 /* Entitlements-Release.plist */,
				44544F169ACF41A686845FB5 /* mfpclient.plist */,
			);
			name = Resources;
			path = myApp/Resources;
			sourceTree = "<group>";
		};
		29B97323FDCFA39411CA2CEA /* Frameworks */ = {
			isa = PBXGroup;
			children = (
				AF8E2F484E9E4C42953A432A /* AudioToolbox.framework */,
				890EBC3746464F3EA1EB0774 /* libstdc++.6.tbd */,
				2231F7EA00764882B7288AA3 /* libz.tbd */,
				952F6F2FA433444EB5C82C5A /* libc++.tbd */,
				3E154D7E0AAC41E783052621 /* Security.framework */,
				908B5AA3D9E648FA853C9BDE /* SystemConfiguration.framework */,
				ED59CB3B61EF4E5780CC5EF9 /* IBMMobileFirstPlatformFoundation.framework */,
				209347E6BCCD4DE9A2B02F49 /* IBMMobileFirstPlatformFoundationHybrid.framework */,
			);
			name = Frameworks;
			sourceTree = "<group>";
		};
		301BF52E109A57CC0062928A /* Products */ = {
			isa = PBXGroup;
			children = (
				301BF535109A57CC0062928A /* libCordova.a */,
			);
			name = Products;
			sourceTree = "<group>";
		};
		3047A50E1AB8057F00498E2A /* config */ = {
			isa = PBXGroup;
			children = (
				3047A50F1AB8059700498E2A /* build-debug.xcconfig */,
				3047A5101AB8059700498E2A /* build-release.xcconfig */,
				3047A5111AB8059700498E2A /* build.xcconfig */,
			);
			name = config;
			sourceTree = "<group>";
		};
		307C750510C5A3420062BCA9 /* Plugins */ = {
			isa = PBXGroup;
			children = (
				A38F9EF5578249BCADF25D11 /* CDVLogger.m */,
				B67D5B7FA428489C85E87AA8 /* CDVLogger.h */,
				7AAD02D1B0824370833738B8 /* CDVDevice.m */,
				412FFF057CFC42BDAC200895 /* CDVDevice.h */,
				72897F3269E8423EA9FFBAAB /* CDVSplashScreen.m */,
				6877F6382C9448729C46F837 /* CDVViewController+SplashScreen.m */,
				D69364ECB3B9489B9DD1A023 /* CDVSplashScreen.h */,
				2D0C208E9FE740DA9DB4A2CA /* CDVViewController+SplashScreen.h */,
				15BC17097C024FB18A0DD1CB /* CDVStatusBar.m */,
				AAF433B4B37044F0A155AE97 /* CDVStatusBar.h */,
				314E43B280B6433097D592CC /* IonicKeyboard.m */,
				143A512AB4AB4464960C815F /* IonicKeyboard.h */,
				7AF9567FB05F46469B03E6C8 /* CDVNotification.m */,
				FAF76290CF814B4089CFA7C1 /* CDVNotification.h */,
				C3867EA56B4647378F0CC6CA /* CDVGlobalization.m */,
				BF8A35A8A3154DA4BEB0C9F9 /* CDVGlobalization.h */,
				324F59C654E44D2A9164E863 /* MFPAppDelegate.m */,
				13D95A93BC8E4590AA50EDBA /* MFPAppDelegate.h */,
			);
			name = Plugins;
			path = myApp/Plugins;
			sourceTree = SOURCE_ROOT;
		};
		EB87FDF11871DA420020F90C /* Staging */ = {
			isa = PBXGroup;
			children = (
				F840E1F0165FE0F500CFE078 /* config.xml */,
				301BF56E109A69640062928A /* www */,
			);
			name = Staging;
			sourceTree = "<group>";
		};
/* End PBXGroup section */

/* Begin PBXNativeTarget section */
		1D6058900D05DD3D006BFB54 /* myApp */ = {
			isa = PBXNativeTarget;
			buildConfigurationList = 1D6058960D05DD3E006BFB54 /* Build configuration list for PBXNativeTarget "myApp" */;
			buildPhases = (
				304B58A110DAC018002A0835 /* Copy www directory */,
				1D60588D0D05DD3D006BFB54 /* Resources */,
				1D60588E0D05DD3D006BFB54 /* Sources */,
				1D60588F0D05DD3D006BFB54 /* Frameworks */,
				EA6CD0559EEB4D64A92CD72F /* Embed Frameworks */,
			);
			buildRules = (
			);
			dependencies = (
				301BF551109A68C00062928A /* PBXTargetDependency */,
			);
			name = myApp;
			productName = myApp;
			productReference = 1D6058910D05DD3D006BFB54 /* myApp.app */;
			productType = "com.apple.product-type.application";
		};
/* End PBXNativeTarget section */

/* Begin PBXProject section */
		29B97313FDCFA39411CA2CEA /* Project object */ = {
			isa = PBXProject;
			attributes = {
				LastUpgradeCheck = 510;
				TargetAttributes = {
					1D6058900D05DD3D006BFB54 = {
						DevelopmentTeam = PP64RT7P8Z;
						ProvisioningStyle = Manual;
						SystemCapabilities = {
							com.apple.Keychain = {
								enabled = 1;
							};
						};
					};
				};
			};
			buildConfigurationList = C01FCF4E08A954540054247B /* Build configuration list for PBXProject "myApp" */;
			compatibilityVersion = "Xcode 3.2";
			developmentRegion = English;
			hasScannedForEncodings = 1;
			knownRegions = (
				en,
			);
			mainGroup = 29B97314FDCFA39411CA2CEA /* CustomTemplate */;
			projectDirPath = "";
			projectReferences = (
				{
					ProductGroup = 301BF52E109A57CC0062928A /* Products */;
					ProjectRef = 301BF52D109A57CC0062928A /* CordovaLib.xcodeproj */;
				},
			);
			projectRoot = "";
			targets = (
				1D6058900D05DD3D006BFB54 /* myApp */,
			);
		};
/* End PBXProject section */

/* Begin PBXReferenceProxy section */
		301BF535109A57CC0062928A /* libCordova.a */ = {
			isa = PBXReferenceProxy;
			fileType = archive.ar;
			path = libCordova.a;
			remoteRef = 301BF534109A57CC0062928A /* PBXContainerItemProxy */;
			sourceTree = BUILT_PRODUCTS_DIR;
		};
/* End PBXReferenceProxy section */

/* Begin PBXResourcesBuildPhase section */
		1D60588D0D05DD3D006BFB54 /* Resources */ = {
			isa = PBXResourcesBuildPhase;
			buildActionMask = 2147483647;
			files = (
				302D95F214D2391D003F00A1 /* MainViewController.xib in Resources */,
				3047A5131AB8059700498E2A /* build-release.xcconfig in Resources */,
				3047A5141AB8059700498E2A /* build.xcconfig in Resources */,
				0207DA581B56EA530066E2B4 /* Images.xcassets in Resources */,
				3047A5121AB8059700498E2A /* build-debug.xcconfig in Resources */,
				50F46D11F48F414881D510C8 /* CDVNotification.bundle in Resources */,
				F1F1EE35A13341A9B743C43E /* Localizations.bundle in Resources */,
				B851A1A5D34344A2BA8AFF8D /* Entitlements-Debug.plist in Resources */,
				9B46C569949E4264AD8B66D0 /* Entitlements-Release.plist in Resources */,
				4B68F297C0944DC2B5D0D775 /* mfpclient.plist in Resources */,
			);
			runOnlyForDeploymentPostprocessing = 0;
		};
/* End PBXResourcesBuildPhase section */

/* Begin PBXShellScriptBuildPhase section */
		304B58A110DAC018002A0835 /* Copy www directory */ = {
			isa = PBXShellScriptBuildPhase;
			buildActionMask = 2147483647;
			files = (
			);
			inputPaths = (
			);
			name = "Copy www directory";
			outputPaths = (
			);
			runOnlyForDeploymentPostprocessing = 0;
			shellPath = /bin/sh;
			shellScript = "NODEJS_PATH=/usr/local/bin; NVM_NODE_PATH=~/.nvm/versions/node/`nvm version 2>/dev/null`/bin; N_NODE_PATH=`find /usr/local/n/versions/node/* -maxdepth 0 -type d 2>/dev/null | tail -1`/bin; XCODE_NODE_PATH=`xcode-select --print-path`/usr/share/xcs/Node/bin; PATH=$NODEJS_PATH:$NVM_NODE_PATH:$N_NODE_PATH:$XCODE_NODE_PATH:$PATH && node cordova/lib/copy-www-build-step.js";
			showEnvVarsInLog = 0;
		};
/* End PBXShellScriptBuildPhase section */

/* Begin PBXSourcesBuildPhase section */
		1D60588E0D05DD3D006BFB54 /* Sources */ = {
			isa = PBXSourcesBuildPhase;
			buildActionMask = 2147483647;
			files = (
				1D60589B0D05DD56006BFB54 /* main.m in Sources */,
				1D3623260D0F684500981E51 /* AppDelegate.m in Sources */,
				302D95F114D2391D003F00A1 /* MainViewController.m in Sources */,
				2FACFBB119B742AE85F5F39F /* CDVLogger.m in Sources */,
				CA326EB5731F4B6C9B5104E0 /* CDVDevice.m in Sources */,
				4E322981EB1D4CE8B53E24A9 /* CDVSplashScreen.m in Sources */,
				A89CA34BD69345A187F01C5C /* CDVViewController+SplashScreen.m in Sources */,
				F9D38B36AE8642A884CF789E /* CDVStatusBar.m in Sources */,
				B38039EAA6564F67BC3CD66C /* IonicKeyboard.m in Sources */,
				2916E785A9A44DE3BE9CFA4B /* CDVNotification.m in Sources */,
				D0FF7010172F45458CEF75FC /* CDVGlobalization.m in Sources */,
				DEC7361FB4DE45F5BB06C25C /* MFPAppDelegate.m in Sources */,
			);
			runOnlyForDeploymentPostprocessing = 0;
		};
/* End PBXSourcesBuildPhase section */

/* Begin PBXTargetDependency section */
		301BF551109A68C00062928A /* PBXTargetDependency */ = {
			isa = PBXTargetDependency;
			name = CordovaLib;
			targetProxy = 301BF550109A68C00062928A /* PBXContainerItemProxy */;
		};
/* End PBXTargetDependency section */

/* Begin XCBuildConfiguration section */
		1D6058940D05DD3E006BFB54 /* Debug */ = {
			isa = XCBuildConfiguration;
			baseConfigurationReference = 3047A50F1AB8059700498E2A /* build-debug.xcconfig */;
			buildSettings = {
				ALWAYS_SEARCH_USER_PATHS = NO;
				ASSETCATALOG_COMPILER_APPICON_NAME = AppIcon;
				ASSETCATALOG_COMPILER_LAUNCHIMAGE_NAME = LaunchImage;
				CLANG_ENABLE_MODULES = YES;
				CLANG_ENABLE_OBJC_ARC = YES;
				CODE_SIGN_ENTITLEMENTS = myApp/myApp.entitlements;
				COPY_PHASE_STRIP = NO;
				DEVELOPMENT_TEAM = PP64RT7P8Z;
				FRAMEWORK_SEARCH_PATHS = (
					"$(inherited)",
					"\"myApp/Plugins/cordova-plugin-mfp\"",
				);
				GCC_DYNAMIC_NO_PIC = NO;
				GCC_OPTIMIZATION_LEVEL = 0;
				GCC_PRECOMPILE_PREFIX_HEADER = YES;
				GCC_PREFIX_HEADER = "myApp/myApp-Prefix.pch";
				GCC_THUMB_SUPPORT = NO;
				GCC_VERSION = "";
				INFOPLIST_FILE = "myApp/myApp-Info.plist";
				LD_RUNPATH_SEARCH_PATHS = "@executable_path/Frameworks";
				PRODUCT_BUNDLE_IDENTIFIER = com.ibm.test1;
				PRODUCT_NAME = myApp;
				PROVISIONING_PROFILE = "995d8245-e869-4b89-99cb-b1192297761b";
				PROVISIONING_PROFILE_SPECIFIER = "@IBM MobileFirst APNs Enabled Dev Profile";
			};
			name = Debug;
		};
		1D6058950D05DD3E006BFB54 /* Release */ = {
			isa = XCBuildConfiguration;
			baseConfigurationReference = 3047A5101AB8059700498E2A /* build-release.xcconfig */;
			buildSettings = {
				ALWAYS_SEARCH_USER_PATHS = NO;
				ASSETCATALOG_COMPILER_APPICON_NAME = AppIcon;
				ASSETCATALOG_COMPILER_LAUNCHIMAGE_NAME = LaunchImage;
				CLANG_ENABLE_MODULES = YES;
				CLANG_ENABLE_OBJC_ARC = YES;
				CODE_SIGN_ENTITLEMENTS = myApp/myApp.entitlements;
				"CODE_SIGN_IDENTITY[sdk=iphoneos*]" = "iPhone Developer";
				COPY_PHASE_STRIP = YES;
				DEVELOPMENT_TEAM = PP64RT7P8Z;
				FRAMEWORK_SEARCH_PATHS = (
					"$(inherited)",
					"\"myApp/Plugins/cordova-plugin-mfp\"",
				);
				GCC_PRECOMPILE_PREFIX_HEADER = YES;
				GCC_PREFIX_HEADER = "myApp/myApp-Prefix.pch";
				GCC_THUMB_SUPPORT = NO;
				GCC_VERSION = "";
				INFOPLIST_FILE = "myApp/myApp-Info.plist";
				LD_RUNPATH_SEARCH_PATHS = "$(inherited) @executable_path/Frameworks";
				PRODUCT_BUNDLE_IDENTIFIER = com.ibm.test1;
				PRODUCT_NAME = myApp;
				PROVISIONING_PROFILE = "995d8245-e869-4b89-99cb-b1192297761b";
				PROVISIONING_PROFILE_SPECIFIER = "@IBM MobileFirst APNs Enabled Dev Profile";
			};
			name = Release;
		};
		C01FCF4F08A954540054247B /* Debug */ = {
			isa = XCBuildConfiguration;
			baseConfigurationReference = 3047A5111AB8059700498E2A /* build.xcconfig */;
			buildSettings = {
				CLANG_ENABLE_MODULES = YES;
				CLANG_ENABLE_OBJC_ARC = YES;
				CLANG_WARN_BOOL_CONVERSION = YES;
				CLANG_WARN_CONSTANT_CONVERSION = YES;
				CLANG_WARN_EMPTY_BODY = YES;
				CLANG_WARN_ENUM_CONVERSION = YES;
				CLANG_WARN_INT_CONVERSION = YES;
				CLANG_WARN__DUPLICATE_METHOD_MATCH = YES;
				FRAMEWORK_SEARCH_PATHS = (
					"$(inherited)",
					"\"myApp/Plugins/cordova-plugin-mfp\"",
				);
				GCC_C_LANGUAGE_STANDARD = c99;
				GCC_THUMB_SUPPORT = NO;
				GCC_VERSION = "";
				GCC_WARN_ABOUT_RETURN_TYPE = YES;
				GCC_WARN_UNDECLARED_SELECTOR = YES;
				GCC_WARN_UNINITIALIZED_AUTOS = YES;
				GCC_WARN_UNUSED_FUNCTION = YES;
				GCC_WARN_UNUSED_VARIABLE = YES;
				ONLY_ACTIVE_ARCH = YES;
				PRODUCT_NAME = myApp;
				SDKROOT = iphoneos;
				SKIP_INSTALL = NO;
			};
			name = Debug;
		};
		C01FCF5008A954540054247B /* Release */ = {
			isa = XCBuildConfiguration;
			baseConfigurationReference = 3047A5111AB8059700498E2A /* build.xcconfig */;
			buildSettings = {
				CLANG_ENABLE_MODULES = YES;
				CLANG_ENABLE_OBJC_ARC = YES;
				CLANG_WARN_BOOL_CONVERSION = YES;
				CLANG_WARN_CONSTANT_CONVERSION = YES;
				CLANG_WARN_EMPTY_BODY = YES;
				CLANG_WARN_ENUM_CONVERSION = YES;
				CLANG_WARN_INT_CONVERSION = YES;
				CLANG_WARN__DUPLICATE_METHOD_MATCH = YES;
				FRAMEWORK_SEARCH_PATHS = (
					"$(inherited)",
					"\"myApp/Plugins/cordova-plugin-mfp\"",
				);
				GCC_C_LANGUAGE_STANDARD = c99;
				GCC_THUMB_SUPPORT = NO;
				GCC_VERSION = "";
				GCC_WARN_ABOUT_RETURN_TYPE = YES;
				GCC_WARN_UNDECLARED_SELECTOR = YES;
				GCC_WARN_UNINITIALIZED_AUTOS = YES;
				GCC_WARN_UNUSED_FUNCTION = YES;
				GCC_WARN_UNUSED_VARIABLE = YES;
				LD_RUNPATH_SEARCH_PATHS = "$(inherited) @executable_path/Frameworks";
				PRODUCT_NAME = myApp;
				SDKROOT = iphoneos;
				SKIP_INSTALL = NO;
			};
			name = Release;
		};
/* End XCBuildConfiguration section */

/* Begin XCConfigurationList section */
		1D6058960D05DD3E006BFB54 /* Build configuration list for PBXNativeTarget "myApp" */ = {
			isa = XCConfigurationList;
			buildConfigurations = (
				1D6058940D05DD3E006BFB54 /* Debug */,
				1D6058950D05DD3E006BFB54 /* Release */,
			);
			defaultConfigurationIsVisible = 0;
			defaultConfigurationName = Release;
		};
		C01FCF4E08A954540054247B /* Build configuration list for PBXProject "myApp" */ = {
			isa = XCConfigurationList;
			buildConfigurations = (
				C01FCF4F08A954540054247B /* Debug */,
				C01FCF5008A954540054247B /* Release */,
			);
			defaultConfigurationIsVisible = 0;
			defaultConfigurationName = Release;
		};
/* End XCConfigurationList section */
	};
	rootObject = 29B97313FDCFA39411CA2CEA /* Project object */;
}
